
Microsoft Visual Studio Solution File, Format Version 12.00
# Visual Studio Version 16
VisualStudioVersion = 16.0.31702.278
MinimumVisualStudioVersion = 10.0.40219.1
Project("{8BC9CEB8-8B4A-11D0-8D11-00A0C91BC942}") = "jiecheng(ditui)", "jiecheng(ditui)\jiecheng(ditui).vcxproj", "{FC905680-B765-41E8-BD7F-2D8E19ECD62D}"
EndProject
Global
	GlobalSection(SolutionConfigurationPlatforms) = preSolution
		Debug|x64 = Debug|x64
		Debug|x86 = Debug|x86
		Release|x64 = Release|x64
		Release|x86 = Release|x86
	EndGlobalSection
	GlobalSection(ProjectConfigurationPlatforms) = postSolution
		{FC905680-B765-41E8-BD7F-2D8E19ECD62D}.Debug|x64.ActiveCfg = Debug|x64
		{FC905680-B765-41E8-BD7F-2D8E19ECD62D}.Debug|x64.Build.0 = Debug|x64
		{FC905680-B765-41E8-BD7F-2D8E19ECD62D}.Debug|x86.ActiveCfg = Debug|Win32
		{FC905680-B765-41E8-BD7F-2D8E19ECD62D}.Debug|x86.Build.0 = Debug|Win32
		{FC905680-B765-41E8-BD7F-2D8E19ECD62D}.Release|x64.ActiveCfg = Release|x64
		{FC905680-B765-41E8-BD7F-2D8E19ECD62D}.Release|x64.Build.0 = Release|x64
		{FC905680-B765-41E8-BD7F-2D8E19ECD62D}.Release|x86.ActiveCfg = Release|Win32
		{FC905680-B765-41E8-BD7F-2D8E19ECD62D}.Release|x86.Build.0 = Release|Win32
	EndGlobalSection
	GlobalSection(SolutionProperties) = preSolution
		HideSolutionNode = FALSE
	EndGlobalSection
	GlobalSection(ExtensibilityGlobals) = postSolution
		SolutionGuid = {ADA5A1DA-B60A-4E72-87E0-50790F879E17}
	EndGlobalSection
EndGlobal
